
Microsoft Visual Studio Solution File, Format Version 12.00
# Visual Studio Version 16
VisualStudioVersion = 16.0.33423.256
MinimumVisualStudioVersion = 10.0.40219.1
Project("{FAE04EC0-301F-11D3-BF4B-00C04F79EFBC}") = "Lab_4_OOP", "Lab_4_OOP\Lab_4_OOP.csproj", "{9AB85B0D-12AA-45F8-83B1-5B50DB8777FD}"
EndProject
Global
	GlobalSection(SolutionConfigurationPlatforms) = preSolution
		Debug|Any CPU = Debug|Any CPU
		Release|Any CPU = Release|Any CPU
	EndGlobalSection
	GlobalSection(ProjectConfigurationPlatforms) = postSolution
		{9AB85B0D-12AA-45F8-83B1-5B50DB8777FD}.Debug|Any CPU.ActiveCfg = Debug|Any CPU
		{9AB85B0D-12AA-45F8-83B1-5B50DB8777FD}.Debug|Any CPU.Build.0 = Debug|Any CPU
		{9AB85B0D-12AA-45F8-83B1-5B50DB8777FD}.Release|Any CPU.ActiveCfg = Release|Any CPU
		{9AB85B0D-12AA-45F8-83B1-5B50DB8777FD}.Release|Any CPU.Build.0 = Release|Any CPU
	EndGlobalSection
	GlobalSection(SolutionProperties) = preSolution
		HideSolutionNode = FALSE
	EndGlobalSection
	GlobalSection(ExtensibilityGlobals) = postSolution
		SolutionGuid = {3CD901DB-2331-41F8-A82C-9BAA41F0FCA5}
	EndGlobalSection
EndGlobal
