
Microsoft Visual Studio Solution File, Format Version 12.00
# Visual Studio Version 16
VisualStudioVersion = 16.0.33423.256
MinimumVisualStudioVersion = 10.0.40219.1
Project("{FAE04EC0-301F-11D3-BF4B-00C04F79EFBC}") = "Lab_1_OOP", "Lab_1_OOP\Lab_1_OOP.csproj", "{F723ACD3-82C9-4CF4-9C4D-7C3CF4E3FBA5}"
EndProject
Global
	GlobalSection(SolutionConfigurationPlatforms) = preSolution
		Debug|Any CPU = Debug|Any CPU
		Release|Any CPU = Release|Any CPU
	EndGlobalSection
	GlobalSection(ProjectConfigurationPlatforms) = postSolution
		{F723ACD3-82C9-4CF4-9C4D-7C3CF4E3FBA5}.Debug|Any CPU.ActiveCfg = Debug|Any CPU
		{F723ACD3-82C9-4CF4-9C4D-7C3CF4E3FBA5}.Debug|Any CPU.Build.0 = Debug|Any CPU
		{F723ACD3-82C9-4CF4-9C4D-7C3CF4E3FBA5}.Release|Any CPU.ActiveCfg = Release|Any CPU
		{F723ACD3-82C9-4CF4-9C4D-7C3CF4E3FBA5}.Release|Any CPU.Build.0 = Release|Any CPU
	EndGlobalSection
	GlobalSection(SolutionProperties) = preSolution
		HideSolutionNode = FALSE
	EndGlobalSection
	GlobalSection(ExtensibilityGlobals) = postSolution
		SolutionGuid = {0A0110DE-AF52-4A0A-BD30-CB96966ABB03}
	EndGlobalSection
EndGlobal
