
Microsoft Visual Studio Solution File, Format Version 12.00
# Visual Studio Version 16
VisualStudioVersion = 16.0.33423.256
MinimumVisualStudioVersion = 10.0.40219.1
Project("{FAE04EC0-301F-11D3-BF4B-00C04F79EFBC}") = "Lab_12_OOP", "Lab_12_OOP\Lab_12_OOP.csproj", "{6DBE63EA-66C2-400C-9F1F-342B3C67388D}"
EndProject
Global
	GlobalSection(SolutionConfigurationPlatforms) = preSolution
		Debug|Any CPU = Debug|Any CPU
		Release|Any CPU = Release|Any CPU
	EndGlobalSection
	GlobalSection(ProjectConfigurationPlatforms) = postSolution
		{6DBE63EA-66C2-400C-9F1F-342B3C67388D}.Debug|Any CPU.ActiveCfg = Debug|Any CPU
		{6DBE63EA-66C2-400C-9F1F-342B3C67388D}.Debug|Any CPU.Build.0 = Debug|Any CPU
		{6DBE63EA-66C2-400C-9F1F-342B3C67388D}.Release|Any CPU.ActiveCfg = Release|Any CPU
		{6DBE63EA-66C2-400C-9F1F-342B3C67388D}.Release|Any CPU.Build.0 = Release|Any CPU
	EndGlobalSection
	GlobalSection(SolutionProperties) = preSolution
		HideSolutionNode = FALSE
	EndGlobalSection
	GlobalSection(ExtensibilityGlobals) = postSolution
		SolutionGuid = {AFBA978E-5243-4E3B-8AEA-D74E6B087DF7}
	EndGlobalSection
EndGlobal
